// !$*UTF8*$!
{
	archiveVersion = 1;
	classes = {
	};
	objectVersion = 77;
	objects = {

/* Begin PBXBuildFile section */
		29977F992DDE88DE00394260 /* NetworkExtension.framework in Frameworks */ = {isa = PBXBuildFile; fileRef = 29977F982DDE88DE00394260 /* NetworkExtension.framework */; };
		29977FA32DDE88DE00394260 /* org.getlantern.SystemExtenstionTest.PacketTunnel.systemextension in Embed System Extensions */ = {isa = PBXBuildFile; fileRef = 29977F962DDE88DE00394260 /* org.getlantern.SystemExtenstionTest.PacketTunnel.systemextension */; settings = {ATTRIBUTES = (RemoveHeadersOnCopy, ); }; };
/* End PBXBuildFile section */

/* Begin PBXContainerItemProxy section */
		29977F762DDE88A500394260 /* PBXContainerItemProxy */ = {
			isa = PBXContainerItemProxy;
			containerPortal = 29977F5C2DDE88A400394260 /* Project object */;
			proxyType = 1;
			remoteGlobalIDString = 29977F632DDE88A400394260;
			remoteInfo = SystemExtenstionTest;
		};
		29977F802DDE88A500394260 /* PBXContainerItemProxy */ = {
			isa = PBXContainerItemProxy;
			containerPortal = 29977F5C2DDE88A400394260 /* Project object */;
			proxyType = 1;
			remoteGlobalIDString = 29977F632DDE88A400394260;
			remoteInfo = SystemExtenstionTest;
		};
		29977FA12DDE88DE00394260 /* PBXContainerItemProxy */ = {
			isa = PBXContainerItemProxy;
			containerPortal = 29977F5C2DDE88A400394260 /* Project object */;
			proxyType = 1;
			remoteGlobalIDString = 29977F952DDE88DE00394260;
			remoteInfo = PacketTunnel;
		};
/* End PBXContainerItemProxy section */

/* Begin PBXCopyFilesBuildPhase section */
		29977FA82DDE88DE00394260 /* Embed System Extensions */ = {
			isa = PBXCopyFilesBuildPhase;
			buildActionMask = 2147483647;
			dstPath = "$(SYSTEM_EXTENSIONS_FOLDER_PATH)";
			dstSubfolderSpec = 16;
			files = (
				29977FA32DDE88DE00394260 /* org.getlantern.SystemExtenstionTest.PacketTunnel.systemextension in Embed System Extensions */,
			);
			name = "Embed System Extensions";
			runOnlyForDeploymentPostprocessing = 0;
		};
/* End PBXCopyFilesBuildPhase section */

/* Begin PBXFileReference section */
		29977F642DDE88A400394260 /* SystemExtenstionTest.app */ = {isa = PBXFileReference; explicitFileType = wrapper.application; includeInIndex = 0; path = SystemExtenstionTest.app; sourceTree = BUILT_PRODUCTS_DIR; };
		29977F752DDE88A500394260 /* SystemExtenstionTestTests.xctest */ = {isa = PBXFileReference; explicitFileType = wrapper.cfbundle; includeInIndex = 0; path = SystemExtenstionTestTests.xctest; sourceTree = BUILT_PRODUCTS_DIR; };
		29977F7F2DDE88A500394260 /* SystemExtenstionTestUITests.xctest */ = {isa = PBXFileReference; explicitFileType = wrapper.cfbundle; includeInIndex = 0; path = SystemExtenstionTestUITests.xctest; sourceTree = BUILT_PRODUCTS_DIR; };
		29977F962DDE88DE00394260 /* org.getlantern.SystemExtenstionTest.PacketTunnel.systemextension */ = {isa = PBXFileReference; explicitFileType = "wrapper.system-extension"; includeInIndex = 0; path = org.getlantern.SystemExtenstionTest.PacketTunnel.systemextension; sourceTree = BUILT_PRODUCTS_DIR; };
		29977F982DDE88DE00394260 /* NetworkExtension.framework */ = {isa = PBXFileReference; lastKnownFileType = wrapper.framework; name = NetworkExtension.framework; path = System/Library/Frameworks/NetworkExtension.framework; sourceTree = SDKROOT; };
/* End PBXFileReference section */

/* Begin PBXFileSystemSynchronizedBuildFileExceptionSet section */
		29977FA42DDE88DE00394260 /* Exceptions for "PacketTunnel" folder in "PacketTunnel" target */ = {
			isa = PBXFileSystemSynchronizedBuildFileExceptionSet;
			membershipExceptions = (
				Info.plist,
			);
			target = 29977F952DDE88DE00394260 /* PacketTunnel */;
		};
/* End PBXFileSystemSynchronizedBuildFileExceptionSet section */

/* Begin PBXFileSystemSynchronizedRootGroup section */
		29977F662DDE88A400394260 /* SystemExtenstionTest */ = {
			isa = PBXFileSystemSynchronizedRootGroup;
			path = SystemExtenstionTest;
			sourceTree = "<group>";
		};
		29977F782DDE88A500394260 /* SystemExtenstionTestTests */ = {
			isa = PBXFileSystemSynchronizedRootGroup;
			path = SystemExtenstionTestTests;
			sourceTree = "<group>";
		};
		29977F822DDE88A500394260 /* SystemExtenstionTestUITests */ = {
			isa = PBXFileSystemSynchronizedRootGroup;
			path = SystemExtenstionTestUITests;
			sourceTree = "<group>";
		};
		29977F9A2DDE88DE00394260 /* PacketTunnel */ = {
			isa = PBXFileSystemSynchronizedRootGroup;
			exceptions = (
				29977FA42DDE88DE00394260 /* Exceptions for "PacketTunnel" folder in "PacketTunnel" target */,
			);
			path = PacketTunnel;
			sourceTree = "<group>";
		};
/* End PBXFileSystemSynchronizedRootGroup section */

/* Begin PBXFrameworksBuildPhase section */
		29977F612DDE88A400394260 /* Frameworks */ = {
			isa = PBXFrameworksBuildPhase;
			buildActionMask = 2147483647;
			files = (
			);
			runOnlyForDeploymentPostprocessing = 0;
		};
		29977F722DDE88A500394260 /* Frameworks */ = {
			isa = PBXFrameworksBuildPhase;
			buildActionMask = 2147483647;
			files = (
			);
			runOnlyForDeploymentPostprocessing = 0;
		};
		29977F7C2DDE88A500394260 /* Frameworks */ = {
			isa = PBXFrameworksBuildPhase;
			buildActionMask = 2147483647;
			files = (
			);
			runOnlyForDeploymentPostprocessing = 0;
		};
		29977F932DDE88DE00394260 /* Frameworks */ = {
			isa = PBXFrameworksBuildPhase;
			buildActionMask = 2147483647;
			files = (
				29977F992DDE88DE00394260 /* NetworkExtension.framework in Frameworks */,
			);
			runOnlyForDeploymentPostprocessing = 0;
		};
/* End PBXFrameworksBuildPhase section */

/* Begin PBXGroup section */
		29977F5B2DDE88A400394260 = {
			isa = PBXGroup;
			children = (
				29977F662DDE88A400394260 /* SystemExtenstionTest */,
				29977F782DDE88A500394260 /* SystemExtenstionTestTests */,
				29977F822DDE88A500394260 /* SystemExtenstionTestUITests */,
				29977F9A2DDE88DE00394260 /* PacketTunnel */,
				29977F972DDE88DE00394260 /* Frameworks */,
				29977F652DDE88A400394260 /* Products */,
			);
			sourceTree = "<group>";
		};
		29977F652DDE88A400394260 /* Products */ = {
			isa = PBXGroup;
			children = (
				29977F642DDE88A400394260 /* SystemExtenstionTest.app */,
				29977F752DDE88A500394260 /* SystemExtenstionTestTests.xctest */,
				29977F7F2DDE88A500394260 /* SystemExtenstionTestUITests.xctest */,
				29977F962DDE88DE00394260 /* org.getlantern.SystemExtenstionTest.PacketTunnel.systemextension */,
			);
			name = Products;
			sourceTree = "<group>";
		};
		29977F972DDE88DE00394260 /* Frameworks */ = {
			isa = PBXGroup;
			children = (
				29977F982DDE88DE00394260 /* NetworkExtension.framework */,
			);
			name = Frameworks;
			sourceTree = "<group>";
		};
/* End PBXGroup section */

/* Begin PBXNativeTarget section */
		29977F632DDE88A400394260 /* SystemExtenstionTest */ = {
			isa = PBXNativeTarget;
			buildConfigurationList = 29977F892DDE88A500394260 /* Build configuration list for PBXNativeTarget "SystemExtenstionTest" */;
			buildPhases = (
				29977F602DDE88A400394260 /* Sources */,
				29977F612DDE88A400394260 /* Frameworks */,
				29977F622DDE88A400394260 /* Resources */,
				29977FA82DDE88DE00394260 /* Embed System Extensions */,
			);
			buildRules = (
			);
			dependencies = (
				29977FA22DDE88DE00394260 /* PBXTargetDependency */,
			);
			fileSystemSynchronizedGroups = (
				29977F662DDE88A400394260 /* SystemExtenstionTest */,
			);
			name = SystemExtenstionTest;
			packageProductDependencies = (
			);
			productName = SystemExtenstionTest;
			productReference = 29977F642DDE88A400394260 /* SystemExtenstionTest.app */;
			productType = "com.apple.product-type.application";
		};
		29977F742DDE88A500394260 /* SystemExtenstionTestTests */ = {
			isa = PBXNativeTarget;
			buildConfigurationList = 29977F8C2DDE88A500394260 /* Build configuration list for PBXNativeTarget "SystemExtenstionTestTests" */;
			buildPhases = (
				29977F712DDE88A500394260 /* Sources */,
				29977F722DDE88A500394260 /* Frameworks */,
				29977F732DDE88A500394260 /* Resources */,
			);
			buildRules = (
			);
			dependencies = (
				29977F772DDE88A500394260 /* PBXTargetDependency */,
			);
			fileSystemSynchronizedGroups = (
				29977F782DDE88A500394260 /* SystemExtenstionTestTests */,
			);
			name = SystemExtenstionTestTests;
			packageProductDependencies = (
			);
			productName = SystemExtenstionTestTests;
			productReference = 29977F752DDE88A500394260 /* SystemExtenstionTestTests.xctest */;
			productType = "com.apple.product-type.bundle.unit-test";
		};
		29977F7E2DDE88A500394260 /* SystemExtenstionTestUITests */ = {
			isa = PBXNativeTarget;
			buildConfigurationList = 29977F8F2DDE88A500394260 /* Build configuration list for PBXNativeTarget "SystemExtenstionTestUITests" */;
			buildPhases = (
				29977F7B2DDE88A500394260 /* Sources */,
				29977F7C2DDE88A500394260 /* Frameworks */,
				29977F7D2DDE88A500394260 /* Resources */,
			);
			buildRules = (
			);
			dependencies = (
				29977F812DDE88A500394260 /* PBXTargetDependency */,
			);
			fileSystemSynchronizedGroups = (
				29977F822DDE88A500394260 /* SystemExtenstionTestUITests */,
			);
			name = SystemExtenstionTestUITests;
			packageProductDependencies = (
			);
			productName = SystemExtenstionTestUITests;
			productReference = 29977F7F2DDE88A500394260 /* SystemExtenstionTestUITests.xctest */;
			productType = "com.apple.product-type.bundle.ui-testing";
		};
		29977F952DDE88DE00394260 /* PacketTunnel */ = {
			isa = PBXNativeTarget;
			buildConfigurationList = 29977FA52DDE88DE00394260 /* Build configuration list for PBXNativeTarget "PacketTunnel" */;
			buildPhases = (
				29977F922DDE88DE00394260 /* Sources */,
				29977F932DDE88DE00394260 /* Frameworks */,
				29977F942DDE88DE00394260 /* Resources */,
			);
			buildRules = (
			);
			dependencies = (
			);
			fileSystemSynchronizedGroups = (
				29977F9A2DDE88DE00394260 /* PacketTunnel */,
			);
			name = PacketTunnel;
			packageProductDependencies = (
			);
			productName = PacketTunnel;
			productReference = 29977F962DDE88DE00394260 /* org.getlantern.SystemExtenstionTest.PacketTunnel.systemextension */;
			productType = "com.apple.product-type.system-extension";
		};
/* End PBXNativeTarget section */

/* Begin PBXProject section */
		29977F5C2DDE88A400394260 /* Project object */ = {
			isa = PBXProject;
			attributes = {
				BuildIndependentTargetsInParallel = 1;
				LastSwiftUpdateCheck = 1620;
				LastUpgradeCheck = 1620;
				TargetAttributes = {
					29977F632DDE88A400394260 = {
						CreatedOnToolsVersion = 16.2;
					};
					29977F742DDE88A500394260 = {
						CreatedOnToolsVersion = 16.2;
						TestTargetID = 29977F632DDE88A400394260;
					};
					29977F7E2DDE88A500394260 = {
						CreatedOnToolsVersion = 16.2;
						TestTargetID = 29977F632DDE88A400394260;
					};
					29977F952DDE88DE00394260 = {
						CreatedOnToolsVersion = 16.2;
					};
				};
			};
			buildConfigurationList = 29977F5F2DDE88A400394260 /* Build configuration list for PBXProject "SystemExtenstionTest" */;
			developmentRegion = en;
			hasScannedForEncodings = 0;
			knownRegions = (
				en,
				Base,
			);
			mainGroup = 29977F5B2DDE88A400394260;
			minimizedProjectReferenceProxies = 1;
			preferredProjectObjectVersion = 77;
			productRefGroup = 29977F652DDE88A400394260 /* Products */;
			projectDirPath = "";
			projectRoot = "";
			targets = (
				29977F632DDE88A400394260 /* SystemExtenstionTest */,
				29977F742DDE88A500394260 /* SystemExtenstionTestTests */,
				29977F7E2DDE88A500394260 /* SystemExtenstionTestUITests */,
				29977F952DDE88DE00394260 /* PacketTunnel */,
			);
		};
/* End PBXProject section */

/* Begin PBXResourcesBuildPhase section */
		29977F622DDE88A400394260 /* Resources */ = {
			isa = PBXResourcesBuildPhase;
			buildActionMask = 2147483647;
			files = (
			);
			runOnlyForDeploymentPostprocessing = 0;
		};
		29977F732DDE88A500394260 /* Resources */ = {
			isa = PBXResourcesBuildPhase;
			buildActionMask = 2147483647;
			files = (
			);
			runOnlyForDeploymentPostprocessing = 0;
		};
		29977F7D2DDE88A500394260 /* Resources */ = {
			isa = PBXResourcesBuildPhase;
			buildActionMask = 2147483647;
			files = (
			);
			runOnlyForDeploymentPostprocessing = 0;
		};
		29977F942DDE88DE00394260 /* Resources */ = {
			isa = PBXResourcesBuildPhase;
			buildActionMask = 2147483647;
			files = (
			);
			runOnlyForDeploymentPostprocessing = 0;
		};
/* End PBXResourcesBuildPhase section */

/* Begin PBXSourcesBuildPhase section */
		29977F602DDE88A400394260 /* Sources */ = {
			isa = PBXSourcesBuildPhase;
			buildActionMask = 2147483647;
			files = (
			);
			runOnlyForDeploymentPostprocessing = 0;
		};
		29977F712DDE88A500394260 /* Sources */ = {
			isa = PBXSourcesBuildPhase;
			buildActionMask = 2147483647;
			files = (
			);
			runOnlyForDeploymentPostprocessing = 0;
		};
		29977F7B2DDE88A500394260 /* Sources */ = {
			isa = PBXSourcesBuildPhase;
			buildActionMask = 2147483647;
			files = (
			);
			runOnlyForDeploymentPostprocessing = 0;
		};
		29977F922DDE88DE00394260 /* Sources */ = {
			isa = PBXSourcesBuildPhase;
			buildActionMask = 2147483647;
			files = (
			);
			runOnlyForDeploymentPostprocessing = 0;
		};
/* End PBXSourcesBuildPhase section */

/* Begin PBXTargetDependency section */
		29977F772DDE88A500394260 /* PBXTargetDependency */ = {
			isa = PBXTargetDependency;
			target = 29977F632DDE88A400394260 /* SystemExtenstionTest */;
			targetProxy = 29977F762DDE88A500394260 /* PBXContainerItemProxy */;
		};
		29977F812DDE88A500394260 /* PBXTargetDependency */ = {
			isa = PBXTargetDependency;
			target = 29977F632DDE88A400394260 /* SystemExtenstionTest */;
			targetProxy = 29977F802DDE88A500394260 /* PBXContainerItemProxy */;
		};
		29977FA22DDE88DE00394260 /* PBXTargetDependency */ = {
			isa = PBXTargetDependency;
			target = 29977F952DDE88DE00394260 /* PacketTunnel */;
			targetProxy = 29977FA12DDE88DE00394260 /* PBXContainerItemProxy */;
		};
/* End PBXTargetDependency section */

/* Begin XCBuildConfiguration section */
		29977F872DDE88A500394260 /* Debug */ = {
			isa = XCBuildConfiguration;
			buildSettings = {
				ALWAYS_SEARCH_USER_PATHS = NO;
				ASSETCATALOG_COMPILER_GENERATE_SWIFT_ASSET_SYMBOL_EXTENSIONS = YES;
				CLANG_ANALYZER_NONNULL = YES;
				CLANG_ANALYZER_NUMBER_OBJECT_CONVERSION = YES_AGGRESSIVE;
				CLANG_CXX_LANGUAGE_STANDARD = "gnu++20";
				CLANG_ENABLE_MODULES = YES;
				CLANG_ENABLE_OBJC_ARC = YES;
				CLANG_ENABLE_OBJC_WEAK = YES;
				CLANG_WARN_BLOCK_CAPTURE_AUTORELEASING = YES;
				CLANG_WARN_BOOL_CONVERSION = YES;
				CLANG_WARN_COMMA = YES;
				CLANG_WARN_CONSTANT_CONVERSION = YES;
				CLANG_WARN_DEPRECATED_OBJC_IMPLEMENTATIONS = YES;
				CLANG_WARN_DIRECT_OBJC_ISA_USAGE = YES_ERROR;
				CLANG_WARN_DOCUMENTATION_COMMENTS = YES;
				CLANG_WARN_EMPTY_BODY = YES;
				CLANG_WARN_ENUM_CONVERSION = YES;
				CLANG_WARN_INFINITE_RECURSION = YES;
				CLANG_WARN_INT_CONVERSION = YES;
				CLANG_WARN_NON_LITERAL_NULL_CONVERSION = YES;
				CLANG_WARN_OBJC_IMPLICIT_RETAIN_SELF = YES;
				CLANG_WARN_OBJC_LITERAL_CONVERSION = YES;
				CLANG_WARN_OBJC_ROOT_CLASS = YES_ERROR;
				CLANG_WARN_QUOTED_INCLUDE_IN_FRAMEWORK_HEADER = YES;
				CLANG_WARN_RANGE_LOOP_ANALYSIS = YES;
				CLANG_WARN_STRICT_PROTOTYPES = YES;
				CLANG_WARN_SUSPICIOUS_MOVE = YES;
				CLANG_WARN_UNGUARDED_AVAILABILITY = YES_AGGRESSIVE;
				CLANG_WARN_UNREACHABLE_CODE = YES;
				CLANG_WARN__DUPLICATE_METHOD_MATCH = YES;
				COPY_PHASE_STRIP = NO;
				DEBUG_INFORMATION_FORMAT = dwarf;
				ENABLE_STRICT_OBJC_MSGSEND = YES;
				ENABLE_TESTABILITY = YES;
				ENABLE_USER_SCRIPT_SANDBOXING = YES;
				GCC_C_LANGUAGE_STANDARD = gnu17;
				GCC_DYNAMIC_NO_PIC = NO;
				GCC_NO_COMMON_BLOCKS = YES;
				GCC_OPTIMIZATION_LEVEL = 0;
				GCC_PREPROCESSOR_DEFINITIONS = (
					"DEBUG=1",
					"$(inherited)",
				);
				GCC_WARN_64_TO_32_BIT_CONVERSION = YES;
				GCC_WARN_ABOUT_RETURN_TYPE = YES_ERROR;
				GCC_WARN_UNDECLARED_SELECTOR = YES;
				GCC_WARN_UNINITIALIZED_AUTOS = YES_AGGRESSIVE;
				GCC_WARN_UNUSED_FUNCTION = YES;
				GCC_WARN_UNUSED_VARIABLE = YES;
				LOCALIZATION_PREFERS_STRING_CATALOGS = YES;
				MTL_ENABLE_DEBUG_INFO = INCLUDE_SOURCE;
				MTL_FAST_MATH = YES;
				ONLY_ACTIVE_ARCH = YES;
				SWIFT_ACTIVE_COMPILATION_CONDITIONS = "DEBUG $(inherited)";
				SWIFT_OPTIMIZATION_LEVEL = "-Onone";
			};
			name = Debug;
		};
		29977F882DDE88A500394260 /* Release */ = {
			isa = XCBuildConfiguration;
			buildSettings = {
				ALWAYS_SEARCH_USER_PATHS = NO;
				ASSETCATALOG_COMPILER_GENERATE_SWIFT_ASSET_SYMBOL_EXTENSIONS = YES;
				CLANG_ANALYZER_NONNULL = YES;
				CLANG_ANALYZER_NUMBER_OBJECT_CONVERSION = YES_AGGRESSIVE;
				CLANG_CXX_LANGUAGE_STANDARD = "gnu++20";
				CLANG_ENABLE_MODULES = YES;
				CLANG_ENABLE_OBJC_ARC = YES;
				CLANG_ENABLE_OBJC_WEAK = YES;
				CLANG_WARN_BLOCK_CAPTURE_AUTORELEASING = YES;
				CLANG_WARN_BOOL_CONVERSION = YES;
				CLANG_WARN_COMMA = YES;
				CLANG_WARN_CONSTANT_CONVERSION = YES;
				CLANG_WARN_DEPRECATED_OBJC_IMPLEMENTATIONS = YES;
				CLANG_WARN_DIRECT_OBJC_ISA_USAGE = YES_ERROR;
				CLANG_WARN_DOCUMENTATION_COMMENTS = YES;
				CLANG_WARN_EMPTY_BODY = YES;
				CLANG_WARN_ENUM_CONVERSION = YES;
				CLANG_WARN_INFINITE_RECURSION = YES;
				CLANG_WARN_INT_CONVERSION = YES;
				CLANG_WARN_NON_LITERAL_NULL_CONVERSION = YES;
				CLANG_WARN_OBJC_IMPLICIT_RETAIN_SELF = YES;
				CLANG_WARN_OBJC_LITERAL_CONVERSION = YES;
				CLANG_WARN_OBJC_ROOT_CLASS = YES_ERROR;
				CLANG_WARN_QUOTED_INCLUDE_IN_FRAMEWORK_HEADER = YES;
				CLANG_WARN_RANGE_LOOP_ANALYSIS = YES;
				CLANG_WARN_STRICT_PROTOTYPES = YES;
				CLANG_WARN_SUSPICIOUS_MOVE = YES;
				CLANG_WARN_UNGUARDED_AVAILABILITY = YES_AGGRESSIVE;
				CLANG_WARN_UNREACHABLE_CODE = YES;
				CLANG_WARN__DUPLICATE_METHOD_MATCH = YES;
				COPY_PHASE_STRIP = NO;
				DEBUG_INFORMATION_FORMAT = "dwarf-with-dsym";
				ENABLE_NS_ASSERTIONS = NO;
				ENABLE_STRICT_OBJC_MSGSEND = YES;
				ENABLE_USER_SCRIPT_SANDBOXING = YES;
				GCC_C_LANGUAGE_STANDARD = gnu17;
				GCC_NO_COMMON_BLOCKS = YES;
				GCC_WARN_64_TO_32_BIT_CONVERSION = YES;
				GCC_WARN_ABOUT_RETURN_TYPE = YES_ERROR;
				GCC_WARN_UNDECLARED_SELECTOR = YES;
				GCC_WARN_UNINITIALIZED_AUTOS = YES_AGGRESSIVE;
				GCC_WARN_UNUSED_FUNCTION = YES;
				GCC_WARN_UNUSED_VARIABLE = YES;
				LOCALIZATION_PREFERS_STRING_CATALOGS = YES;
				MTL_ENABLE_DEBUG_INFO = NO;
				MTL_FAST_MATH = YES;
				SWIFT_COMPILATION_MODE = wholemodule;
			};
			name = Release;
		};
		29977F8A2DDE88A500394260 /* Debug */ = {
			isa = XCBuildConfiguration;
			buildSettings = {
				ASSETCATALOG_COMPILER_APPICON_NAME = AppIcon;
				ASSETCATALOG_COMPILER_GLOBAL_ACCENT_COLOR_NAME = AccentColor;
				CODE_SIGN_ENTITLEMENTS = SystemExtenstionTest/SystemExtenstionTest.entitlements;
				"CODE_SIGN_IDENTITY[sdk=macosx*]" = "Developer ID Application";
				CODE_SIGN_STYLE = Manual;
				CURRENT_PROJECT_VERSION = 1;
				DEVELOPMENT_ASSET_PATHS = "\"SystemExtenstionTest/Preview Content\"";
				DEVELOPMENT_TEAM = "";
				"DEVELOPMENT_TEAM[sdk=macosx*]" = ACZRKC3LQ9;
				ENABLE_HARDENED_RUNTIME = YES;
				ENABLE_PREVIEWS = YES;
				GENERATE_INFOPLIST_FILE = YES;
				"INFOPLIST_KEY_UIApplicationSceneManifest_Generation[sdk=iphoneos*]" = YES;
				"INFOPLIST_KEY_UIApplicationSceneManifest_Generation[sdk=iphonesimulator*]" = YES;
				"INFOPLIST_KEY_UIApplicationSupportsIndirectInputEvents[sdk=iphoneos*]" = YES;
				"INFOPLIST_KEY_UIApplicationSupportsIndirectInputEvents[sdk=iphonesimulator*]" = YES;
				"INFOPLIST_KEY_UILaunchScreen_Generation[sdk=iphoneos*]" = YES;
				"INFOPLIST_KEY_UILaunchScreen_Generation[sdk=iphonesimulator*]" = YES;
				"INFOPLIST_KEY_UIStatusBarStyle[sdk=iphoneos*]" = UIStatusBarStyleDefault;
				"INFOPLIST_KEY_UIStatusBarStyle[sdk=iphonesimulator*]" = UIStatusBarStyleDefault;
				INFOPLIST_KEY_UISupportedInterfaceOrientations_iPad = "UIInterfaceOrientationPortrait UIInterfaceOrientationPortraitUpsideDown UIInterfaceOrientationLandscapeLeft UIInterfaceOrientationLandscapeRight";
				INFOPLIST_KEY_UISupportedInterfaceOrientations_iPhone = "UIInterfaceOrientationPortrait UIInterfaceOrientationLandscapeLeft UIInterfaceOrientationLandscapeRight";
				IPHONEOS_DEPLOYMENT_TARGET = 18.2;
				LD_RUNPATH_SEARCH_PATHS = "@executable_path/Frameworks";
				"LD_RUNPATH_SEARCH_PATHS[sdk=macosx*]" = "@executable_path/../Frameworks";
				MACOSX_DEPLOYMENT_TARGET = 15.2;
				MARKETING_VERSION = 1.0;
				PRODUCT_BUNDLE_IDENTIFIER = org.getlantern.SystemExtenstionTest;
				PRODUCT_NAME = "$(TARGET_NAME)";
				PROVISIONING_PROFILE_SPECIFIER = "";
				"PROVISIONING_PROFILE_SPECIFIER[sdk=macosx*]" = SystemExtenstionTest;
				SDKROOT = auto;
				SUPPORTED_PLATFORMS = "iphoneos iphonesimulator macosx xros xrsimulator";
				SWIFT_EMIT_LOC_STRINGS = YES;
				SWIFT_VERSION = 5.0;
				TARGETED_DEVICE_FAMILY = "1,2,7";
				XROS_DEPLOYMENT_TARGET = 2.2;
			};
			name = Debug;
		};
		29977F8B2DDE88A500394260 /* Release */ = {
			isa = XCBuildConfiguration;
			buildSettings = {
				ASSETCATALOG_COMPILER_APPICON_NAME = AppIcon;
				ASSETCATALOG_COMPILER_GLOBAL_ACCENT_COLOR_NAME = AccentColor;
				CODE_SIGN_ENTITLEMENTS = SystemExtenstionTest/SystemExtenstionTest.entitlements;
				"CODE_SIGN_IDENTITY[sdk=macosx*]" = "Developer ID Application";
				CODE_SIGN_STYLE = Manual;
				CURRENT_PROJECT_VERSION = 1;
				DEVELOPMENT_ASSET_PATHS = "\"SystemExtenstionTest/Preview Content\"";
				DEVELOPMENT_TEAM = "";
				"DEVELOPMENT_TEAM[sdk=macosx*]" = ACZRKC3LQ9;
				ENABLE_HARDENED_RUNTIME = YES;
				ENABLE_PREVIEWS = YES;
				GENERATE_INFOPLIST_FILE = YES;
				"INFOPLIST_KEY_UIApplicationSceneManifest_Generation[sdk=iphoneos*]" = YES;
				"INFOPLIST_KEY_UIApplicationSceneManifest_Generation[sdk=iphonesimulator*]" = YES;
				"INFOPLIST_KEY_UIApplicationSupportsIndirectInputEvents[sdk=iphoneos*]" = YES;
				"INFOPLIST_KEY_UIApplicationSupportsIndirectInputEvents[sdk=iphonesimulator*]" = YES;
				"INFOPLIST_KEY_UILaunchScreen_Generation[sdk=iphoneos*]" = YES;
				"INFOPLIST_KEY_UILaunchScreen_Generation[sdk=iphonesimulator*]" = YES;
				"INFOPLIST_KEY_UIStatusBarStyle[sdk=iphoneos*]" = UIStatusBarStyleDefault;
				"INFOPLIST_KEY_UIStatusBarStyle[sdk=iphonesimulator*]" = UIStatusBarStyleDefault;
				INFOPLIST_KEY_UISupportedInterfaceOrientations_iPad = "UIInterfaceOrientationPortrait UIInterfaceOrientationPortraitUpsideDown UIInterfaceOrientationLandscapeLeft UIInterfaceOrientationLandscapeRight";
				INFOPLIST_KEY_UISupportedInterfaceOrientations_iPhone = "UIInterfaceOrientationPortrait UIInterfaceOrientationLandscapeLeft UIInterfaceOrientationLandscapeRight";
				IPHONEOS_DEPLOYMENT_TARGET = 18.2;
				LD_RUNPATH_SEARCH_PATHS = "@executable_path/Frameworks";
				"LD_RUNPATH_SEARCH_PATHS[sdk=macosx*]" = "@executable_path/../Frameworks";
				MACOSX_DEPLOYMENT_TARGET = 15.2;
				MARKETING_VERSION = 1.0;
				PRODUCT_BUNDLE_IDENTIFIER = org.getlantern.SystemExtenstionTest;
				PRODUCT_NAME = "$(TARGET_NAME)";
				PROVISIONING_PROFILE_SPECIFIER = "";
				"PROVISIONING_PROFILE_SPECIFIER[sdk=macosx*]" = SystemExtenstionTest;
				SDKROOT = auto;
				SUPPORTED_PLATFORMS = "iphoneos iphonesimulator macosx xros xrsimulator";
				SWIFT_EMIT_LOC_STRINGS = YES;
				SWIFT_VERSION = 5.0;
				TARGETED_DEVICE_FAMILY = "1,2,7";
				XROS_DEPLOYMENT_TARGET = 2.2;
			};
			name = Release;
		};
		29977F8D2DDE88A500394260 /* Debug */ = {
			isa = XCBuildConfiguration;
			buildSettings = {
				BUNDLE_LOADER = "$(TEST_HOST)";
				CODE_SIGN_STYLE = Automatic;
				CURRENT_PROJECT_VERSION = 1;
				DEVELOPMENT_TEAM = ACZRKC3LQ9;
				GENERATE_INFOPLIST_FILE = YES;
				IPHONEOS_DEPLOYMENT_TARGET = 18.2;
				MACOSX_DEPLOYMENT_TARGET = 15.2;
				MARKETING_VERSION = 1.0;
				PRODUCT_BUNDLE_IDENTIFIER = org.getlantern.SystemExtenstionTestTests;
				PRODUCT_NAME = "$(TARGET_NAME)";
				SDKROOT = auto;
				SUPPORTED_PLATFORMS = "iphoneos iphonesimulator macosx xros xrsimulator";
				SWIFT_EMIT_LOC_STRINGS = NO;
				SWIFT_VERSION = 5.0;
				TARGETED_DEVICE_FAMILY = "1,2,7";
				TEST_HOST = "$(BUILT_PRODUCTS_DIR)/SystemExtenstionTest.app/$(BUNDLE_EXECUTABLE_FOLDER_PATH)/SystemExtenstionTest";
				XROS_DEPLOYMENT_TARGET = 2.2;
			};
			name = Debug;
		};
		29977F8E2DDE88A500394260 /* Release */ = {
			isa = XCBuildConfiguration;
			buildSettings = {
				BUNDLE_LOADER = "$(TEST_HOST)";
				CODE_SIGN_STYLE = Automatic;
				CURRENT_PROJECT_VERSION = 1;
				DEVELOPMENT_TEAM = ACZRKC3LQ9;
				GENERATE_INFOPLIST_FILE = YES;
				IPHONEOS_DEPLOYMENT_TARGET = 18.2;
				MACOSX_DEPLOYMENT_TARGET = 15.2;
				MARKETING_VERSION = 1.0;
				PRODUCT_BUNDLE_IDENTIFIER = org.getlantern.SystemExtenstionTestTests;
				PRODUCT_NAME = "$(TARGET_NAME)";
				SDKROOT = auto;
				SUPPORTED_PLATFORMS = "iphoneos iphonesimulator macosx xros xrsimulator";
				SWIFT_EMIT_LOC_STRINGS = NO;
				SWIFT_VERSION = 5.0;
				TARGETED_DEVICE_FAMILY = "1,2,7";
				TEST_HOST = "$(BUILT_PRODUCTS_DIR)/SystemExtenstionTest.app/$(BUNDLE_EXECUTABLE_FOLDER_PATH)/SystemExtenstionTest";
				XROS_DEPLOYMENT_TARGET = 2.2;
			};
			name = Release;
		};
		29977F902DDE88A500394260 /* Debug */ = {
			isa = XCBuildConfiguration;
			buildSettings = {
				CODE_SIGN_STYLE = Automatic;
				CURRENT_PROJECT_VERSION = 1;
				DEVELOPMENT_TEAM = ACZRKC3LQ9;
				GENERATE_INFOPLIST_FILE = YES;
				IPHONEOS_DEPLOYMENT_TARGET = 18.2;
				MACOSX_DEPLOYMENT_TARGET = 15.2;
				MARKETING_VERSION = 1.0;
				PRODUCT_BUNDLE_IDENTIFIER = org.getlantern.SystemExtenstionTestUITests;
				PRODUCT_NAME = "$(TARGET_NAME)";
				SDKROOT = auto;
				SUPPORTED_PLATFORMS = "iphoneos iphonesimulator macosx xros xrsimulator";
				SWIFT_EMIT_LOC_STRINGS = NO;
				SWIFT_VERSION = 5.0;
				TARGETED_DEVICE_FAMILY = "1,2,7";
				TEST_TARGET_NAME = SystemExtenstionTest;
				XROS_DEPLOYMENT_TARGET = 2.2;
			};
			name = Debug;
		};
		29977F912DDE88A500394260 /* Release */ = {
			isa = XCBuildConfiguration;
			buildSettings = {
				CODE_SIGN_STYLE = Automatic;
				CURRENT_PROJECT_VERSION = 1;
				DEVELOPMENT_TEAM = ACZRKC3LQ9;
				GENERATE_INFOPLIST_FILE = YES;
				IPHONEOS_DEPLOYMENT_TARGET = 18.2;
				MACOSX_DEPLOYMENT_TARGET = 15.2;
				MARKETING_VERSION = 1.0;
				PRODUCT_BUNDLE_IDENTIFIER = org.getlantern.SystemExtenstionTestUITests;
				PRODUCT_NAME = "$(TARGET_NAME)";
				SDKROOT = auto;
				SUPPORTED_PLATFORMS = "iphoneos iphonesimulator macosx xros xrsimulator";
				SWIFT_EMIT_LOC_STRINGS = NO;
				SWIFT_VERSION = 5.0;
				TARGETED_DEVICE_FAMILY = "1,2,7";
				TEST_TARGET_NAME = SystemExtenstionTest;
				XROS_DEPLOYMENT_TARGET = 2.2;
			};
			name = Release;
		};
		29977FA62DDE88DE00394260 /* Debug */ = {
			isa = XCBuildConfiguration;
			buildSettings = {
				CODE_SIGN_ENTITLEMENTS = PacketTunnel/PacketTunnel.entitlements;
				"CODE_SIGN_IDENTITY[sdk=macosx*]" = "Developer ID Application";
				CODE_SIGN_STYLE = Manual;
				CURRENT_PROJECT_VERSION = 1;
				DEVELOPMENT_TEAM = "";
				"DEVELOPMENT_TEAM[sdk=macosx*]" = ACZRKC3LQ9;
				ENABLE_HARDENED_RUNTIME = YES;
				GENERATE_INFOPLIST_FILE = YES;
				INFOPLIST_FILE = PacketTunnel/Info.plist;
				INFOPLIST_KEY_CFBundleDisplayName = PacketTunnel;
				INFOPLIST_KEY_NSHumanReadableCopyright = "";
				LD_RUNPATH_SEARCH_PATHS = (
					"$(inherited)",
					"@executable_path/../Frameworks",
					"@executable_path/../../../../Frameworks",
				);
				MACOSX_DEPLOYMENT_TARGET = 15.2;
				MARKETING_VERSION = 1.0;
				PRODUCT_BUNDLE_IDENTIFIER = org.getlantern.SystemExtenstionTest.PacketTunnel;
				PRODUCT_NAME = "$(inherited)";
				PROVISIONING_PROFILE_SPECIFIER = "";
				"PROVISIONING_PROFILE_SPECIFIER[sdk=macosx*]" = "SystemExtenstionTest-PacketTunnel";
				SDKROOT = macosx;
				SKIP_INSTALL = YES;
				SWIFT_EMIT_LOC_STRINGS = YES;
				SWIFT_VERSION = 5.0;
			};
			name = Debug;
		};
		29977FA72DDE88DE00394260 /* Release */ = {
			isa = XCBuildConfiguration;
			buildSettings = {
				CODE_SIGN_ENTITLEMENTS = PacketTunnel/PacketTunnel.entitlements;
				"CODE_SIGN_IDENTITY[sdk=macosx*]" = "Developer ID Application";
				CODE_SIGN_STYLE = Manual;
				CURRENT_PROJECT_VERSION = 1;
				DEVELOPMENT_TEAM = "";
				"DEVELOPMENT_TEAM[sdk=macosx*]" = ACZRKC3LQ9;
				ENABLE_HARDENED_RUNTIME = YES;
				GENERATE_INFOPLIST_FILE = YES;
				INFOPLIST_FILE = PacketTunnel/Info.plist;
				INFOPLIST_KEY_CFBundleDisplayName = PacketTunnel;
				INFOPLIST_KEY_NSHumanReadableCopyright = "";
				LD_RUNPATH_SEARCH_PATHS = (
					"$(inherited)",
					"@executable_path/../Frameworks",
					"@executable_path/../../../../Frameworks",
				);
				MACOSX_DEPLOYMENT_TARGET = 15.2;
				MARKETING_VERSION = 1.0;
				PRODUCT_BUNDLE_IDENTIFIER = org.getlantern.SystemExtenstionTest.PacketTunnel;
				PRODUCT_NAME = "$(inherited)";
				PROVISIONING_PROFILE_SPECIFIER = "";
				"PROVISIONING_PROFILE_SPECIFIER[sdk=macosx*]" = "SystemExtenstionTest-PacketTunnel";
				SDKROOT = macosx;
				SKIP_INSTALL = YES;
				SWIFT_EMIT_LOC_STRINGS = YES;
				SWIFT_VERSION = 5.0;
			};
			name = Release;
		};
/* End XCBuildConfiguration section */

/* Begin XCConfigurationList section */
		29977F5F2DDE88A400394260 /* Build configuration list for PBXProject "SystemExtenstionTest" */ = {
			isa = XCConfigurationList;
			buildConfigurations = (
				29977F872DDE88A500394260 /* Debug */,
				29977F882DDE88A500394260 /* Release */,
			);
			defaultConfigurationIsVisible = 0;
			defaultConfigurationName = Release;
		};
		29977F892DDE88A500394260 /* Build configuration list for PBXNativeTarget "SystemExtenstionTest" */ = {
			isa = XCConfigurationList;
			buildConfigurations = (
				29977F8A2DDE88A500394260 /* Debug */,
				29977F8B2DDE88A500394260 /* Release */,
			);
			defaultConfigurationIsVisible = 0;
			defaultConfigurationName = Release;
		};
		29977F8C2DDE88A500394260 /* Build configuration list for PBXNativeTarget "SystemExtenstionTestTests" */ = {
			isa = XCConfigurationList;
			buildConfigurations = (
				29977F8D2DDE88A500394260 /* Debug */,
				29977F8E2DDE88A500394260 /* Release */,
			);
			defaultConfigurationIsVisible = 0;
			defaultConfigurationName = Release;
		};
		29977F8F2DDE88A500394260 /* Build configuration list for PBXNativeTarget "SystemExtenstionTestUITests" */ = {
			isa = XCConfigurationList;
			buildConfigurations = (
				29977F902DDE88A500394260 /* Debug */,
				29977F912DDE88A500394260 /* Release */,
			);
			defaultConfigurationIsVisible = 0;
			defaultConfigurationName = Release;
		};
		29977FA52DDE88DE00394260 /* Build configuration list for PBXNativeTarget "PacketTunnel" */ = {
			isa = XCConfigurationList;
			buildConfigurations = (
				29977FA62DDE88DE00394260 /* Debug */,
				29977FA72DDE88DE00394260 /* Release */,
			);
			defaultConfigurationIsVisible = 0;
			defaultConfigurationName = Release;
		};
/* End XCConfigurationList section */
	};
	rootObject = 29977F5C2DDE88A400394260 /* Project object */;
}
